
Microsoft Visual Studio Solution File, Format Version 12.00
# Visual Studio Version 17
VisualStudioVersion = 17.3.32901.215
MinimumVisualStudioVersion = 10.0.40219.1
Project("{FAE04EC0-301F-11D3-BF4B-00C04F79EFBC}") = "CircularQueues_CSharp", "CircularQueues_CSharp\CircularQueues_CSharp.csproj", "{193C98EA-11A0-4DB6-B8BD-279A61D4401C}"
EndProject
Global
	GlobalSection(SolutionConfigurationPlatforms) = preSolution
		Debug|Any CPU = Debug|Any CPU
		Release|Any CPU = Release|Any CPU
	EndGlobalSection
	GlobalSection(ProjectConfigurationPlatforms) = postSolution
		{193C98EA-11A0-4DB6-B8BD-279A61D4401C}.Debug|Any CPU.ActiveCfg = Debug|Any CPU
		{193C98EA-11A0-4DB6-B8BD-279A61D4401C}.Debug|Any CPU.Build.0 = Debug|Any CPU
		{193C98EA-11A0-4DB6-B8BD-279A61D4401C}.Release|Any CPU.ActiveCfg = Release|Any CPU
		{193C98EA-11A0-4DB6-B8BD-279A61D4401C}.Release|Any CPU.Build.0 = Release|Any CPU
	EndGlobalSection
	GlobalSection(SolutionProperties) = preSolution
		HideSolutionNode = FALSE
	EndGlobalSection
	GlobalSection(ExtensibilityGlobals) = postSolution
		SolutionGuid = {B67F0A07-3B6F-4D9E-814A-8ABB9F4F9489}
	EndGlobalSection
EndGlobal
